
Microsoft Visual Studio Solution File, Format Version 12.00
# Visual Studio Version 16
VisualStudioVersion = 16.0.29806.167
MinimumVisualStudioVersion = 10.0.40219.1
Project("{FAE04EC0-301F-11D3-BF4B-00C04F79EFBC}") = "Program_hw", "..\..\..\..\..\..\source\repos\Program_hw\Program_hw.csproj", "{AAECE5B7-79CC-4D64-AF29-A4609A92299A}"
EndProject
Project("{FAE04EC0-301F-11D3-BF4B-00C04F79EFBC}") = "ClassLibraryHw", "..\..\..\..\..\..\source\repos\ClassLibraryHw\ClassLibraryHw.csproj", "{AB01D3BC-2452-40FA-B87D-F4AAE3688562}"
EndProject
Global
	GlobalSection(SolutionConfigurationPlatforms) = preSolution
		Debug|Any CPU = Debug|Any CPU
		Release|Any CPU = Release|Any CPU
	EndGlobalSection
	GlobalSection(ProjectConfigurationPlatforms) = postSolution
		{AAECE5B7-79CC-4D64-AF29-A4609A92299A}.Debug|Any CPU.ActiveCfg = Debug|Any CPU
		{AAECE5B7-79CC-4D64-AF29-A4609A92299A}.Debug|Any CPU.Build.0 = Debug|Any CPU
		{AAECE5B7-79CC-4D64-AF29-A4609A92299A}.Release|Any CPU.ActiveCfg = Release|Any CPU
		{AAECE5B7-79CC-4D64-AF29-A4609A92299A}.Release|Any CPU.Build.0 = Release|Any CPU
		{AB01D3BC-2452-40FA-B87D-F4AAE3688562}.Debug|Any CPU.ActiveCfg = Debug|Any CPU
		{AB01D3BC-2452-40FA-B87D-F4AAE3688562}.Debug|Any CPU.Build.0 = Debug|Any CPU
		{AB01D3BC-2452-40FA-B87D-F4AAE3688562}.Release|Any CPU.ActiveCfg = Release|Any CPU
		{AB01D3BC-2452-40FA-B87D-F4AAE3688562}.Release|Any CPU.Build.0 = Release|Any CPU
	EndGlobalSection
	GlobalSection(SolutionProperties) = preSolution
		HideSolutionNode = FALSE
	EndGlobalSection
	GlobalSection(ExtensibilityGlobals) = postSolution
		SolutionGuid = {FCDD5459-B103-4101-9354-71CEF36D0F04}
	EndGlobalSection
EndGlobal
